
Microsoft Visual Studio Solution File, Format Version 11.00
# Visual Studio 2010
Project("{FAE04EC0-301F-11D3-BF4B-00C04F79EFBC}") = "BitTorrentVisualization", "BTV\BitTorrentVisualization.csproj", "{DCF94F03-7522-407F-8A4D-3706BAB8CC39}"
EndProject
Global
	GlobalSection(SolutionConfigurationPlatforms) = preSolution
		Debug|Any CPU = Debug|Any CPU
		Release|Any CPU = Release|Any CPU
	EndGlobalSection
	GlobalSection(ProjectConfigurationPlatforms) = postSolution
		{DCF94F03-7522-407F-8A4D-3706BAB8CC39}.Debug|Any CPU.ActiveCfg = Debug|Any CPU
		{DCF94F03-7522-407F-8A4D-3706BAB8CC39}.Debug|Any CPU.Build.0 = Debug|Any CPU
		{DCF94F03-7522-407F-8A4D-3706BAB8CC39}.Release|Any CPU.ActiveCfg = Release|Any CPU
		{DCF94F03-7522-407F-8A4D-3706BAB8CC39}.Release|Any CPU.Build.0 = Release|Any CPU
	EndGlobalSection
	GlobalSection(SolutionProperties) = preSolution
		HideSolutionNode = FALSE
	EndGlobalSection
EndGlobal
